
Microsoft Visual Studio Solution File, Format Version 12.00
# Visual Studio 15
VisualStudioVersion = 15.0.27004.2010
MinimumVisualStudioVersion = 10.0.40219.1
Project("{FAE04EC0-301F-11D3-BF4B-00C04F79EFBC}") = "LibraryApp", "LibraryApp\LibraryApp.csproj", "{66CF6AD8-0E06-4186-B95B-EF76E84ECA3A}"
EndProject
Project("{FAE04EC0-301F-11D3-BF4B-00C04F79EFBC}") = "LibraryAppTest", "LibraryAppTest\LibraryAppTest.csproj", "{0950FF21-B3E4-4AB6-A041-5CE4E72ADF5E}"
EndProject
Project("{FAE04EC0-301F-11D3-BF4B-00C04F79EFBC}") = "UI", "UI\UI.csproj", "{92D7E87C-ABB7-43E4-9977-AC2FE8FE29C4}"
EndProject
Global
	GlobalSection(SolutionConfigurationPlatforms) = preSolution
		Debug|Any CPU = Debug|Any CPU
		Release|Any CPU = Release|Any CPU
	EndGlobalSection
	GlobalSection(ProjectConfigurationPlatforms) = postSolution
		{66CF6AD8-0E06-4186-B95B-EF76E84ECA3A}.Debug|Any CPU.ActiveCfg = Debug|Any CPU
		{66CF6AD8-0E06-4186-B95B-EF76E84ECA3A}.Debug|Any CPU.Build.0 = Debug|Any CPU
		{66CF6AD8-0E06-4186-B95B-EF76E84ECA3A}.Release|Any CPU.ActiveCfg = Release|Any CPU
		{66CF6AD8-0E06-4186-B95B-EF76E84ECA3A}.Release|Any CPU.Build.0 = Release|Any CPU
		{0950FF21-B3E4-4AB6-A041-5CE4E72ADF5E}.Debug|Any CPU.ActiveCfg = Debug|Any CPU
		{0950FF21-B3E4-4AB6-A041-5CE4E72ADF5E}.Debug|Any CPU.Build.0 = Debug|Any CPU
		{0950FF21-B3E4-4AB6-A041-5CE4E72ADF5E}.Release|Any CPU.ActiveCfg = Release|Any CPU
		{0950FF21-B3E4-4AB6-A041-5CE4E72ADF5E}.Release|Any CPU.Build.0 = Release|Any CPU
		{92D7E87C-ABB7-43E4-9977-AC2FE8FE29C4}.Debug|Any CPU.ActiveCfg = Debug|Any CPU
		{92D7E87C-ABB7-43E4-9977-AC2FE8FE29C4}.Debug|Any CPU.Build.0 = Debug|Any CPU
		{92D7E87C-ABB7-43E4-9977-AC2FE8FE29C4}.Release|Any CPU.ActiveCfg = Release|Any CPU
		{92D7E87C-ABB7-43E4-9977-AC2FE8FE29C4}.Release|Any CPU.Build.0 = Release|Any CPU
	EndGlobalSection
	GlobalSection(SolutionProperties) = preSolution
		HideSolutionNode = FALSE
	EndGlobalSection
	GlobalSection(ExtensibilityGlobals) = postSolution
		SolutionGuid = {0BA8FA94-1097-4395-9F7D-FF32B914E3A6}
	EndGlobalSection
EndGlobal
